
Microsoft Visual Studio Solution File, Format Version 12.00
# Visual Studio Version 17
VisualStudioVersion = 17.9.34701.34
MinimumVisualStudioVersion = 10.0.40219.1
Project("{FAE04EC0-301F-11D3-BF4B-00C04F79EFBC}") = "VotingApp.API", "VotingApp.API\VotingApp.API.csproj", "{BE95A3A3-9AC5-47E1-82D0-93BED9865CE1}"
EndProject
Global
	GlobalSection(SolutionConfigurationPlatforms) = preSolution
		Debug|Any CPU = Debug|Any CPU
		Release|Any CPU = Release|Any CPU
	EndGlobalSection
	GlobalSection(ProjectConfigurationPlatforms) = postSolution
		{BE95A3A3-9AC5-47E1-82D0-93BED9865CE1}.Debug|Any CPU.ActiveCfg = Debug|Any CPU
		{BE95A3A3-9AC5-47E1-82D0-93BED9865CE1}.Debug|Any CPU.Build.0 = Debug|Any CPU
		{BE95A3A3-9AC5-47E1-82D0-93BED9865CE1}.Release|Any CPU.ActiveCfg = Release|Any CPU
		{BE95A3A3-9AC5-47E1-82D0-93BED9865CE1}.Release|Any CPU.Build.0 = Release|Any CPU
	EndGlobalSection
	GlobalSection(SolutionProperties) = preSolution
		HideSolutionNode = FALSE
	EndGlobalSection
	GlobalSection(ExtensibilityGlobals) = postSolution
		SolutionGuid = {A8B18190-4540-428E-ACA1-7D2C40E10683}
	EndGlobalSection
EndGlobal
