
Microsoft Visual Studio Solution File, Format Version 12.00
# Visual Studio Version 17
VisualStudioVersion = 17.9.34701.34
MinimumVisualStudioVersion = 10.0.40219.1
Project("{FAE04EC0-301F-11D3-BF4B-00C04F79EFBC}") = "VotingApp.API", "VotingApp.API\VotingApp.API.csproj", "{6028B81F-BA02-43C7-A03A-F58D7927232E}"
EndProject
Project("{FAE04EC0-301F-11D3-BF4B-00C04F79EFBC}") = "VotingApp.Services", "VotingApp.Data\VotingApp.Services.csproj", "{C46F472C-13C7-4487-A43D-AB3DB42FEFCF}"
EndProject
Project("{FAE04EC0-301F-11D3-BF4B-00C04F79EFBC}") = "VotingApp.Contracts", "VotingApp.Contracts\VotingApp.Contracts.csproj", "{E0BADF70-42B6-4442-8FDF-5247CA4CA2A0}"
EndProject
Global
	GlobalSection(SolutionConfigurationPlatforms) = preSolution
		Debug|Any CPU = Debug|Any CPU
		Release|Any CPU = Release|Any CPU
	EndGlobalSection
	GlobalSection(ProjectConfigurationPlatforms) = postSolution
		{6028B81F-BA02-43C7-A03A-F58D7927232E}.Debug|Any CPU.ActiveCfg = Debug|Any CPU
		{6028B81F-BA02-43C7-A03A-F58D7927232E}.Debug|Any CPU.Build.0 = Debug|Any CPU
		{6028B81F-BA02-43C7-A03A-F58D7927232E}.Release|Any CPU.ActiveCfg = Release|Any CPU
		{6028B81F-BA02-43C7-A03A-F58D7927232E}.Release|Any CPU.Build.0 = Release|Any CPU
		{C46F472C-13C7-4487-A43D-AB3DB42FEFCF}.Debug|Any CPU.ActiveCfg = Debug|Any CPU
		{C46F472C-13C7-4487-A43D-AB3DB42FEFCF}.Debug|Any CPU.Build.0 = Debug|Any CPU
		{C46F472C-13C7-4487-A43D-AB3DB42FEFCF}.Release|Any CPU.ActiveCfg = Release|Any CPU
		{C46F472C-13C7-4487-A43D-AB3DB42FEFCF}.Release|Any CPU.Build.0 = Release|Any CPU
		{E0BADF70-42B6-4442-8FDF-5247CA4CA2A0}.Debug|Any CPU.ActiveCfg = Debug|Any CPU
		{E0BADF70-42B6-4442-8FDF-5247CA4CA2A0}.Debug|Any CPU.Build.0 = Debug|Any CPU
		{E0BADF70-42B6-4442-8FDF-5247CA4CA2A0}.Release|Any CPU.ActiveCfg = Release|Any CPU
		{E0BADF70-42B6-4442-8FDF-5247CA4CA2A0}.Release|Any CPU.Build.0 = Release|Any CPU
	EndGlobalSection
	GlobalSection(SolutionProperties) = preSolution
		HideSolutionNode = FALSE
	EndGlobalSection
	GlobalSection(ExtensibilityGlobals) = postSolution
		SolutionGuid = {F1C4EBDB-A7F8-4754-9E58-69D1245FE794}
	EndGlobalSection
EndGlobal
